
Microsoft Visual Studio Solution File, Format Version 12.00
# Visual Studio Version 17
VisualStudioVersion = 17.9.34723.18
MinimumVisualStudioVersion = 10.0.40219.1
Project("{FAE04EC0-301F-11D3-BF4B-00C04F79EFBC}") = "ATBM_PhanHe1", "ATBM_PhanHe1\ATBM_PhanHe1.csproj", "{C01C9684-EBCB-4E70-AB8C-CAA2B9C3D34D}"
EndProject
Global
	GlobalSection(SolutionConfigurationPlatforms) = preSolution
		Debug|Any CPU = Debug|Any CPU
		Release|Any CPU = Release|Any CPU
	EndGlobalSection
	GlobalSection(ProjectConfigurationPlatforms) = postSolution
		{C01C9684-EBCB-4E70-AB8C-CAA2B9C3D34D}.Debug|Any CPU.ActiveCfg = Debug|Any CPU
		{C01C9684-EBCB-4E70-AB8C-CAA2B9C3D34D}.Debug|Any CPU.Build.0 = Debug|Any CPU
		{C01C9684-EBCB-4E70-AB8C-CAA2B9C3D34D}.Release|Any CPU.ActiveCfg = Release|Any CPU
		{C01C9684-EBCB-4E70-AB8C-CAA2B9C3D34D}.Release|Any CPU.Build.0 = Release|Any CPU
	EndGlobalSection
	GlobalSection(SolutionProperties) = preSolution
		HideSolutionNode = FALSE
	EndGlobalSection
	GlobalSection(ExtensibilityGlobals) = postSolution
		SolutionGuid = {D10A5EBB-1528-4E62-81F5-DC71C8595997}
	EndGlobalSection
EndGlobal
